{
  "version": 2,
  "packages": {
    "nim_pandoc": {
      "version": "3.0.0",
      "vcsRevision": "599f88e3a98cde44a11615c4fccdd2919f2af80f",
      "url": "https://github.com/pysan3/nim_pandoc",
      "downloadMethod": "git",
      "dependencies": [],
      "checksums": {
        "sha1": "1f302a01ce3218f3542d44c9f4734bb2fa07e10b"
      }
    },
    "cligen": {
      "version": "1.6.15",
      "vcsRevision": "e607467c4e6a6c54f02b555135bce35eafa714c5",
      "url": "https://github.com/c-blake/cligen.git",
      "downloadMethod": "git",
      "dependencies": [],
      "checksums": {
        "sha1": "69330c86da69969dde7d23669e87503bbd17f459"
      }
    }
  },
  "tasks": {}
}
