{
  "version": 2,
  "packages": {
    "nim_pandoc": {
      "version": "3.0.5",
      "vcsRevision": "e0c7f2c89ffaa596aee0d08bc7fb61e16e585c2d",
      "url": "https://github.com/pysan3/nim_pandoc",
      "downloadMethod": "git",
      "dependencies": [],
      "checksums": {
        "sha1": "e72c1140fda593d85014c098e32bcdaadb9d8b90"
      }
    },
    "unicodedb": {
      "version": "0.12.0",
      "vcsRevision": "b055310c08db8f879057b4fec15c8301ee93bb2a",
      "url": "https://github.com/nitely/nim-unicodedb",
      "downloadMethod": "git",
      "dependencies": [],
      "checksums": {
        "sha1": "4452416471e2fe8726eb6070ed6ea7368171cc09"
      }
    },
    "regex": {
      "version": "0.23.0",
      "vcsRevision": "577c4ec3b235c5fd2653a9c86cbc4a576cfc0869",
      "url": "https://github.com/nitely/nim-regex",
      "downloadMethod": "git",
      "dependencies": [
        "unicodedb"
      ],
      "checksums": {
        "sha1": "89466caa353b571cdcd8271f2c797ba2c15a89f2"
      }
    },
    "cligen": {
      "version": "1.6.16",
      "vcsRevision": "d9c10ef7aa54b6d9423a585eeebd36fd4ccd0f7c",
      "url": "https://github.com/c-blake/cligen.git",
      "downloadMethod": "git",
      "dependencies": [],
      "checksums": {
        "sha1": "087127d5fdadcfc931b98e4a0006360d1dc6d5d4"
      }
    }
  },
  "tasks": {}
}
